
Microsoft Visual Studio Solution File, Format Version 12.00
# Visual Studio Version 16
VisualStudioVersion = 16.0.30330.147
MinimumVisualStudioVersion = 10.0.40219.1
Project("{9A19103F-16F7-4668-BE54-9A1E7A4F7556}") = "Business", "Business\Business.csproj", "{072BA26F-5661-4EDB-90C0-678B68435ACD}"
EndProject
Project("{9A19103F-16F7-4668-BE54-9A1E7A4F7556}") = "Core", "Core\Core.csproj", "{4D8BE862-6D49-4E50-931D-5F5F04C3DCB5}"
EndProject
Project("{9A19103F-16F7-4668-BE54-9A1E7A4F7556}") = "DataAcceess", "DataAcceess\DataAcceess.csproj", "{E9CC93DE-3841-4A9D-B62F-BA6B7BBE4086}"
EndProject
Project("{9A19103F-16F7-4668-BE54-9A1E7A4F7556}") = "Dtos", "Dtos\Dtos.csproj", "{AC06749D-469B-47C5-BC03-686DE6AD01C2}"
EndProject
Project("{9A19103F-16F7-4668-BE54-9A1E7A4F7556}") = "Entities", "Entities\Entities.csproj", "{45796EDB-D6D7-4116-8D93-7E33C44C3AED}"
EndProject
Project("{FAE04EC0-301F-11D3-BF4B-00C04F79EFBC}") = "WebUI", "WebUI\WebUI.csproj", "{854D9CC6-39AC-48C6-AD4F-8B03A31F5657}"
EndProject
Global
	GlobalSection(SolutionConfigurationPlatforms) = preSolution
		Debug|Any CPU = Debug|Any CPU
		Release|Any CPU = Release|Any CPU
	EndGlobalSection
	GlobalSection(ProjectConfigurationPlatforms) = postSolution
		{072BA26F-5661-4EDB-90C0-678B68435ACD}.Debug|Any CPU.ActiveCfg = Debug|Any CPU
		{072BA26F-5661-4EDB-90C0-678B68435ACD}.Debug|Any CPU.Build.0 = Debug|Any CPU
		{072BA26F-5661-4EDB-90C0-678B68435ACD}.Release|Any CPU.ActiveCfg = Release|Any CPU
		{072BA26F-5661-4EDB-90C0-678B68435ACD}.Release|Any CPU.Build.0 = Release|Any CPU
		{4D8BE862-6D49-4E50-931D-5F5F04C3DCB5}.Debug|Any CPU.ActiveCfg = Debug|Any CPU
		{4D8BE862-6D49-4E50-931D-5F5F04C3DCB5}.Debug|Any CPU.Build.0 = Debug|Any CPU
		{4D8BE862-6D49-4E50-931D-5F5F04C3DCB5}.Release|Any CPU.ActiveCfg = Release|Any CPU
		{4D8BE862-6D49-4E50-931D-5F5F04C3DCB5}.Release|Any CPU.Build.0 = Release|Any CPU
		{E9CC93DE-3841-4A9D-B62F-BA6B7BBE4086}.Debug|Any CPU.ActiveCfg = Debug|Any CPU
		{E9CC93DE-3841-4A9D-B62F-BA6B7BBE4086}.Debug|Any CPU.Build.0 = Debug|Any CPU
		{E9CC93DE-3841-4A9D-B62F-BA6B7BBE4086}.Release|Any CPU.ActiveCfg = Release|Any CPU
		{E9CC93DE-3841-4A9D-B62F-BA6B7BBE4086}.Release|Any CPU.Build.0 = Release|Any CPU
		{AC06749D-469B-47C5-BC03-686DE6AD01C2}.Debug|Any CPU.ActiveCfg = Debug|Any CPU
		{AC06749D-469B-47C5-BC03-686DE6AD01C2}.Debug|Any CPU.Build.0 = Debug|Any CPU
		{AC06749D-469B-47C5-BC03-686DE6AD01C2}.Release|Any CPU.ActiveCfg = Release|Any CPU
		{AC06749D-469B-47C5-BC03-686DE6AD01C2}.Release|Any CPU.Build.0 = Release|Any CPU
		{45796EDB-D6D7-4116-8D93-7E33C44C3AED}.Debug|Any CPU.ActiveCfg = Debug|Any CPU
		{45796EDB-D6D7-4116-8D93-7E33C44C3AED}.Debug|Any CPU.Build.0 = Debug|Any CPU
		{45796EDB-D6D7-4116-8D93-7E33C44C3AED}.Release|Any CPU.ActiveCfg = Release|Any CPU
		{45796EDB-D6D7-4116-8D93-7E33C44C3AED}.Release|Any CPU.Build.0 = Release|Any CPU
		{854D9CC6-39AC-48C6-AD4F-8B03A31F5657}.Debug|Any CPU.ActiveCfg = Debug|Any CPU
		{854D9CC6-39AC-48C6-AD4F-8B03A31F5657}.Debug|Any CPU.Build.0 = Debug|Any CPU
		{854D9CC6-39AC-48C6-AD4F-8B03A31F5657}.Release|Any CPU.ActiveCfg = Release|Any CPU
		{854D9CC6-39AC-48C6-AD4F-8B03A31F5657}.Release|Any CPU.Build.0 = Release|Any CPU
	EndGlobalSection
	GlobalSection(SolutionProperties) = preSolution
		HideSolutionNode = FALSE
	EndGlobalSection
	GlobalSection(ExtensibilityGlobals) = postSolution
		SolutionGuid = {84EB5713-4507-48C1-9966-8C4AA7AAEB81}
	EndGlobalSection
EndGlobal
